// !$*UTF8*$!
{
	archiveVersion = 1;
	classes = {
	};
	objectVersion = 46;
	objects = {

/* Begin PBXBuildFile section */
		03AC1B4E181CAC04009E66D9 /* init.c in Sources */ = {isa = PBXBuildFile; fileRef = 03AC1B4D181CAC04009E66D9 /* init.c */; };
		03AC1B5B181CBFA0009E66D9 /* acronyms.c in Sources */ = {isa = PBXBuildFile; fileRef = 03AC1B55181CBFA0009E66D9 /* acronyms.c */; };
		03AC1B5C181CBFA0009E66D9 /* builtins.c in Sources */ = {isa = PBXBuildFile; fileRef = 03AC1B56181CBFA0009E66D9 /* builtins.c */; };
		03AC1B5D181CBFA0009E66D9 /* emoticons.c in Sources */ = {isa = PBXBuildFile; fileRef = 03AC1B57181CBFA0009E66D9 /* emoticons.c */; };
		03AC1B5E181CBFA0009E66D9 /* sentences.c in Sources */ = {isa = PBXBuildFile; fileRef = 03AC1B58181CBFA0009E66D9 /* sentences.c */; };
		03AC1B5F181CBFA0009E66D9 /* wordizer.c in Sources */ = {isa = PBXBuildFile; fileRef = 03AC1B59181CBFA0009E66D9 /* wordizer.c */; };
		03AC1B60181CBFA0009E66D9 /* words.c in Sources */ = {isa = PBXBuildFile; fileRef = 03AC1B5A181CBFA0009E66D9 /* words.c */; };
		03AC1B62181CC28F009E66D9 /* iplug.c in Sources */ = {isa = PBXBuildFile; fileRef = 03AC1B61181CC28F009E66D9 /* iplug.c */; };
		03AC1B66181CC502009E66D9 /* alloc.c in Sources */ = {isa = PBXBuildFile; fileRef = 03AC1B64181CC502009E66D9 /* alloc.c */; };
		03AC1B6A181CCBC6009E66D9 /* parts.c in Sources */ = {isa = PBXBuildFile; fileRef = 03AC1B69181CCBC6009E66D9 /* parts.c */; };
		03AC1B6D181CCEB8009E66D9 /* hashmap.c in Sources */ = {isa = PBXBuildFile; fileRef = 03AC1B6B181CCEB8009E66D9 /* hashmap.c */; };
		03AC1B74181CD3BE009E66D9 /* glue.c in Sources */ = {isa = PBXBuildFile; fileRef = 03AC1B72181CD3BE009E66D9 /* glue.c */; };
		03BFAEF0181CAAF50023011F /* main.c in Sources */ = {isa = PBXBuildFile; fileRef = 03BFAEEF181CAAF50023011F /* main.c */; };
		03D18C42181CDDDC00D7EFF1 /* ptrset.c in Sources */ = {isa = PBXBuildFile; fileRef = 03D18C40181CDDDC00D7EFF1 /* ptrset.c */; };
		03D18C44181CEC8A00D7EFF1 /* iparse.c in Sources */ = {isa = PBXBuildFile; fileRef = 03D18C43181CEC8A00D7EFF1 /* iparse.c */; };
		03D18C47181CEE7C00D7EFF1 /* isplit.c in Sources */ = {isa = PBXBuildFile; fileRef = 03D18C46181CEE7C00D7EFF1 /* isplit.c */; };
		03D18C49181CEF8300D7EFF1 /* itok.c in Sources */ = {isa = PBXBuildFile; fileRef = 03D18C48181CEF8300D7EFF1 /* itok.c */; };
		03D18C4B181CEF8900D7EFF1 /* iwizer.c in Sources */ = {isa = PBXBuildFile; fileRef = 03D18C4A181CEF8900D7EFF1 /* iwizer.c */; };
		03D18C4E181CFA8600D7EFF1 /* array.c in Sources */ = {isa = PBXBuildFile; fileRef = 03D18C4C181CFA8600D7EFF1 /* array.c */; };
		03D18C50181D030700D7EFF1 /* debug.c in Sources */ = {isa = PBXBuildFile; fileRef = 03D18C4F181D030700D7EFF1 /* debug.c */; };
		03D18C52181E144A00D7EFF1 /* datetimes.c in Sources */ = {isa = PBXBuildFile; fileRef = 03D18C51181E144A00D7EFF1 /* datetimes.c */; };
		03D18C54181E145B00D7EFF1 /* numbers.c in Sources */ = {isa = PBXBuildFile; fileRef = 03D18C53181E145B00D7EFF1 /* numbers.c */; };
		03D18C57181E196900D7EFF1 /* nl-parse.c in Sources */ = {isa = PBXBuildFile; fileRef = 03D18C56181E196900D7EFF1 /* nl-parse.c */; };
		03D18C5A181E1C9700D7EFF1 /* util.c in Sources */ = {isa = PBXBuildFile; fileRef = 03D18C58181E1C9700D7EFF1 /* util.c */; };
		03D18C5E181E28C600D7EFF1 /* kn.c in Sources */ = {isa = PBXBuildFile; fileRef = 03D18C5C181E28C600D7EFF1 /* kn.c */; };
		03D18C64181E45E400D7EFF1 /* utf8.c in Sources */ = {isa = PBXBuildFile; fileRef = 03D18C62181E45E400D7EFF1 /* utf8.c */; };
		03D18C67181E49E500D7EFF1 /* concept.c in Sources */ = {isa = PBXBuildFile; fileRef = 03D18C65181E49E500D7EFF1 /* concept.c */; };
		03D18C68181E49E500D7EFF1 /* pattern.c in Sources */ = {isa = PBXBuildFile; fileRef = 03D18C66181E49E500D7EFF1 /* pattern.c */; };
		03D18C6A181E4B0F00D7EFF1 /* nl.c in Sources */ = {isa = PBXBuildFile; fileRef = 03D18C69181E4B0F00D7EFF1 /* nl.c */; };
		03D18C6D181F6D9E00D7EFF1 /* detmean.c in Sources */ = {isa = PBXBuildFile; fileRef = 03D18C6B181F6D9E00D7EFF1 /* detmean.c */; };
		03D18C6F181F873E00D7EFF1 /* genutt.c in Sources */ = {isa = PBXBuildFile; fileRef = 03D18C6C181F6D9E00D7EFF1 /* genutt.c */; };
		03D18C72181F922500D7EFF1 /* sbuff.c in Sources */ = {isa = PBXBuildFile; fileRef = 03D18C70181F922500D7EFF1 /* sbuff.c */; };
		03D18C8B1820787300D7EFF1 /* bootstrap.c in Sources */ = {isa = PBXBuildFile; fileRef = 03D18C8A1820787300D7EFF1 /* bootstrap.c */; };
		03D18CDF18220CFB00D7EFF1 /* thought.c in Sources */ = {isa = PBXBuildFile; fileRef = 03D18CD018220CBD00D7EFF1 /* thought.c */; };
		03D4D59418223017008F1FF5 /* confscan.c in Sources */ = {isa = PBXBuildFile; fileRef = 03D4D59218223017008F1FF5 /* confscan.c */; };
		03D4D59518223017008F1FF5 /* confscan.c in Sources */ = {isa = PBXBuildFile; fileRef = 03D4D59218223017008F1FF5 /* confscan.c */; };
		03D4D59718223C6C008F1FF5 /* util.c in Sources */ = {isa = PBXBuildFile; fileRef = 03D18C58181E1C9700D7EFF1 /* util.c */; };
		03D4D59818223E49008F1FF5 /* alloc.c in Sources */ = {isa = PBXBuildFile; fileRef = 03AC1B64181CC502009E66D9 /* alloc.c */; };
/* End PBXBuildFile section */

/* Begin PBXCopyFilesBuildPhase section */
		03BFAEDE181C9FA60023011F /* CopyFiles */ = {
			isa = PBXCopyFilesBuildPhase;
			buildActionMask = 2147483647;
			dstPath = /usr/share/man/man1/;
			dstSubfolderSpec = 0;
			files = (
			);
			runOnlyForDeploymentPostprocessing = 1;
		};
		03D18CD418220CF300D7EFF1 /* CopyFiles */ = {
			isa = PBXCopyFilesBuildPhase;
			buildActionMask = 2147483647;
			dstPath = /usr/share/man/man1/;
			dstSubfolderSpec = 0;
			files = (
			);
			runOnlyForDeploymentPostprocessing = 1;
		};
/* End PBXCopyFilesBuildPhase section */

/* Begin PBXFileReference section */
		03AC1B4C181CAB1A009E66D9 /* nl.h */ = {isa = PBXFileReference; fileEncoding = 4; lastKnownFileType = sourcecode.c.h; name = nl.h; path = ../../../../src/nl/nl.h; sourceTree = "<group>"; };
		03AC1B4D181CAC04009E66D9 /* init.c */ = {isa = PBXFileReference; fileEncoding = 4; lastKnownFileType = sourcecode.c.c; name = init.c; path = ../../../../src/nl/init.c; sourceTree = "<group>"; };
		03AC1B51181CBC57009E66D9 /* context.h */ = {isa = PBXFileReference; lastKnownFileType = sourcecode.c.h; name = context.h; path = ../../../../src/nl/context.h; sourceTree = "<group>"; };
		03AC1B52181CBCB9009E66D9 /* common.h */ = {isa = PBXFileReference; lastKnownFileType = sourcecode.c.h; name = common.h; path = ../../../../src/nl/common.h; sourceTree = "<group>"; };
		03AC1B53181CBF1E009E66D9 /* parts.h */ = {isa = PBXFileReference; lastKnownFileType = sourcecode.c.h; name = parts.h; path = ../../../../src/nl/parts.h; sourceTree = "<group>"; };
		03AC1B55181CBFA0009E66D9 /* acronyms.c */ = {isa = PBXFileReference; fileEncoding = 4; lastKnownFileType = sourcecode.c.c; name = acronyms.c; path = ../../../../src/nl/plug/acronyms.c; sourceTree = "<group>"; };
		03AC1B56181CBFA0009E66D9 /* builtins.c */ = {isa = PBXFileReference; fileEncoding = 4; lastKnownFileType = sourcecode.c.c; name = builtins.c; path = ../../../../src/nl/plug/builtins.c; sourceTree = "<group>"; };
		03AC1B57181CBFA0009E66D9 /* emoticons.c */ = {isa = PBXFileReference; fileEncoding = 4; lastKnownFileType = sourcecode.c.c; name = emoticons.c; path = ../../../../src/nl/plug/emoticons.c; sourceTree = "<group>"; };
		03AC1B58181CBFA0009E66D9 /* sentences.c */ = {isa = PBXFileReference; fileEncoding = 4; lastKnownFileType = sourcecode.c.c; name = sentences.c; path = ../../../../src/nl/plug/sentences.c; sourceTree = "<group>"; };
		03AC1B59181CBFA0009E66D9 /* wordizer.c */ = {isa = PBXFileReference; fileEncoding = 4; lastKnownFileType = sourcecode.c.c; name = wordizer.c; path = ../../../../src/nl/plug/wordizer.c; sourceTree = "<group>"; };
		03AC1B5A181CBFA0009E66D9 /* words.c */ = {isa = PBXFileReference; fileEncoding = 4; lastKnownFileType = sourcecode.c.c; name = words.c; path = ../../../../src/nl/plug/words.c; sourceTree = "<group>"; };
		03AC1B61181CC28F009E66D9 /* iplug.c */ = {isa = PBXFileReference; fileEncoding = 4; lastKnownFileType = sourcecode.c.c; name = iplug.c; path = ../../../../src/nl/iplug.c; sourceTree = "<group>"; };
		03AC1B64181CC502009E66D9 /* alloc.c */ = {isa = PBXFileReference; fileEncoding = 4; lastKnownFileType = sourcecode.c.c; name = alloc.c; path = ../../../../src/mem/alloc.c; sourceTree = "<group>"; };
		03AC1B65181CC502009E66D9 /* alloc.h */ = {isa = PBXFileReference; fileEncoding = 4; lastKnownFileType = sourcecode.c.h; name = alloc.h; path = ../../../../src/mem/alloc.h; sourceTree = "<group>"; };
		03AC1B68181CC73B009E66D9 /* nlip.h */ = {isa = PBXFileReference; lastKnownFileType = sourcecode.c.h; name = nlip.h; path = ../../../../includes/nlip.h; sourceTree = "<group>"; };
		03AC1B69181CCBC6009E66D9 /* parts.c */ = {isa = PBXFileReference; fileEncoding = 4; lastKnownFileType = sourcecode.c.c; name = parts.c; path = ../../../../src/nl/parts.c; sourceTree = "<group>"; };
		03AC1B6B181CCEB8009E66D9 /* hashmap.c */ = {isa = PBXFileReference; fileEncoding = 4; lastKnownFileType = sourcecode.c.c; name = hashmap.c; path = ../../../../src/cont/hashmap.c; sourceTree = "<group>"; };
		03AC1B6C181CCEB8009E66D9 /* hashmap.h */ = {isa = PBXFileReference; fileEncoding = 4; lastKnownFileType = sourcecode.c.h; name = hashmap.h; path = ../../../../src/cont/hashmap.h; sourceTree = "<group>"; };
		03AC1B72181CD3BE009E66D9 /* glue.c */ = {isa = PBXFileReference; fileEncoding = 4; lastKnownFileType = sourcecode.c.c; name = glue.c; path = ../../../../src/cont/glue.c; sourceTree = "<group>"; };
		03AC1B73181CD3BE009E66D9 /* glue.h */ = {isa = PBXFileReference; fileEncoding = 4; lastKnownFileType = sourcecode.c.h; name = glue.h; path = ../../../../src/cont/glue.h; sourceTree = "<group>"; };
		03BFAEE0181C9FA60023011F /* brain */ = {isa = PBXFileReference; explicitFileType = "compiled.mach-o.executable"; includeInIndex = 0; path = brain; sourceTree = BUILT_PRODUCTS_DIR; };
		03BFAEEF181CAAF50023011F /* main.c */ = {isa = PBXFileReference; fileEncoding = 4; lastKnownFileType = sourcecode.c.c; name = main.c; path = ../../../../src/dev/main.c; sourceTree = "<group>"; };
		03D18C40181CDDDC00D7EFF1 /* ptrset.c */ = {isa = PBXFileReference; fileEncoding = 4; lastKnownFileType = sourcecode.c.c; name = ptrset.c; path = ../../../../src/cont/ptrset.c; sourceTree = "<group>"; };
		03D18C41181CDDDC00D7EFF1 /* ptrset.h */ = {isa = PBXFileReference; fileEncoding = 4; lastKnownFileType = sourcecode.c.h; name = ptrset.h; path = ../../../../src/cont/ptrset.h; sourceTree = "<group>"; };
		03D18C43181CEC8A00D7EFF1 /* iparse.c */ = {isa = PBXFileReference; fileEncoding = 4; lastKnownFileType = sourcecode.c.c; name = iparse.c; path = ../../../../src/nl/iparse.c; sourceTree = "<group>"; };
		03D18C45181CED0800D7EFF1 /* input.h */ = {isa = PBXFileReference; lastKnownFileType = sourcecode.c.h; name = input.h; path = ../../../../src/nl/input.h; sourceTree = "<group>"; };
		03D18C46181CEE7C00D7EFF1 /* isplit.c */ = {isa = PBXFileReference; fileEncoding = 4; lastKnownFileType = sourcecode.c.c; name = isplit.c; path = ../../../../src/nl/isplit.c; sourceTree = "<group>"; };
		03D18C48181CEF8300D7EFF1 /* itok.c */ = {isa = PBXFileReference; fileEncoding = 4; lastKnownFileType = sourcecode.c.c; name = itok.c; path = ../../../../src/nl/itok.c; sourceTree = "<group>"; };
		03D18C4A181CEF8900D7EFF1 /* iwizer.c */ = {isa = PBXFileReference; fileEncoding = 4; lastKnownFileType = sourcecode.c.c; name = iwizer.c; path = ../../../../src/nl/iwizer.c; sourceTree = "<group>"; };
		03D18C4C181CFA8600D7EFF1 /* array.c */ = {isa = PBXFileReference; fileEncoding = 4; lastKnownFileType = sourcecode.c.c; name = array.c; path = ../../../../src/cont/array.c; sourceTree = "<group>"; };
		03D18C4D181CFA8600D7EFF1 /* array.h */ = {isa = PBXFileReference; fileEncoding = 4; lastKnownFileType = sourcecode.c.h; name = array.h; path = ../../../../src/cont/array.h; sourceTree = "<group>"; };
		03D18C4F181D030700D7EFF1 /* debug.c */ = {isa = PBXFileReference; fileEncoding = 4; lastKnownFileType = sourcecode.c.c; name = debug.c; path = ../../../../src/nl/debug.c; sourceTree = "<group>"; };
		03D18C51181E144A00D7EFF1 /* datetimes.c */ = {isa = PBXFileReference; fileEncoding = 4; lastKnownFileType = sourcecode.c.c; name = datetimes.c; path = ../../../../src/nl/plug/datetimes.c; sourceTree = "<group>"; };
		03D18C53181E145B00D7EFF1 /* numbers.c */ = {isa = PBXFileReference; fileEncoding = 4; lastKnownFileType = sourcecode.c.c; name = numbers.c; path = ../../../../src/nl/plug/numbers.c; sourceTree = "<group>"; };
		03D18C56181E196900D7EFF1 /* nl-parse.c */ = {isa = PBXFileReference; fileEncoding = 4; lastKnownFileType = sourcecode.c.c; name = "nl-parse.c"; path = "../../../../src/tests/nl-parse.c"; sourceTree = "<group>"; };
		03D18C58181E1C9700D7EFF1 /* util.c */ = {isa = PBXFileReference; fileEncoding = 4; lastKnownFileType = sourcecode.c.c; name = util.c; path = ../../../../src/util/util.c; sourceTree = "<group>"; };
		03D18C59181E1C9700D7EFF1 /* util.h */ = {isa = PBXFileReference; fileEncoding = 4; lastKnownFileType = sourcecode.c.h; name = util.h; path = ../../../../src/util/util.h; sourceTree = "<group>"; };
		03D18C5C181E28C600D7EFF1 /* kn.c */ = {isa = PBXFileReference; fileEncoding = 4; lastKnownFileType = sourcecode.c.c; name = kn.c; path = ../../../../src/kn/kn.c; sourceTree = "<group>"; };
		03D18C5D181E28C600D7EFF1 /* kn.h */ = {isa = PBXFileReference; fileEncoding = 4; lastKnownFileType = sourcecode.c.h; name = kn.h; path = ../../../../src/kn/kn.h; sourceTree = "<group>"; };
		03D18C5F181E292500D7EFF1 /* common.h */ = {isa = PBXFileReference; lastKnownFileType = sourcecode.c.h; name = common.h; path = ../../../../src/kn/common.h; sourceTree = "<group>"; };
		03D18C60181E296A00D7EFF1 /* structs.h */ = {isa = PBXFileReference; lastKnownFileType = sourcecode.c.h; name = structs.h; path = ../../../../src/kn/structs.h; sourceTree = "<group>"; };
		03D18C62181E45E400D7EFF1 /* utf8.c */ = {isa = PBXFileReference; fileEncoding = 4; lastKnownFileType = sourcecode.c.c; name = utf8.c; path = ../../../../src/intl/utf8.c; sourceTree = "<group>"; };
		03D18C63181E45E400D7EFF1 /* utf8.h */ = {isa = PBXFileReference; fileEncoding = 4; lastKnownFileType = sourcecode.c.h; name = utf8.h; path = ../../../../src/intl/utf8.h; sourceTree = "<group>"; };
		03D18C65181E49E500D7EFF1 /* concept.c */ = {isa = PBXFileReference; fileEncoding = 4; lastKnownFileType = sourcecode.c.c; name = concept.c; path = ../../../../src/kn/concept.c; sourceTree = "<group>"; };
		03D18C66181E49E500D7EFF1 /* pattern.c */ = {isa = PBXFileReference; fileEncoding = 4; lastKnownFileType = sourcecode.c.c; name = pattern.c; path = ../../../../src/kn/pattern.c; sourceTree = "<group>"; };
		03D18C69181E4B0F00D7EFF1 /* nl.c */ = {isa = PBXFileReference; fileEncoding = 4; lastKnownFileType = sourcecode.c.c; name = nl.c; path = ../../../../src/kn/nl.c; sourceTree = "<group>"; };
		03D18C6B181F6D9E00D7EFF1 /* detmean.c */ = {isa = PBXFileReference; fileEncoding = 4; lastKnownFileType = sourcecode.c.c; name = detmean.c; path = ../../../../src/nl/detmean.c; sourceTree = "<group>"; };
		03D18C6C181F6D9E00D7EFF1 /* genutt.c */ = {isa = PBXFileReference; fileEncoding = 4; lastKnownFileType = sourcecode.c.c; name = genutt.c; path = ../../../../src/nl/genutt.c; sourceTree = "<group>"; };
		03D18C70181F922500D7EFF1 /* sbuff.c */ = {isa = PBXFileReference; fileEncoding = 4; lastKnownFileType = sourcecode.c.c; name = sbuff.c; path = ../../../../src/util/sbuff.c; sourceTree = "<group>"; };
		03D18C71181F922500D7EFF1 /* sbuff.h */ = {isa = PBXFileReference; fileEncoding = 4; lastKnownFileType = sourcecode.c.h; name = sbuff.h; path = ../../../../src/util/sbuff.h; sourceTree = "<group>"; };
		03D18C8A1820787300D7EFF1 /* bootstrap.c */ = {isa = PBXFileReference; fileEncoding = 4; lastKnownFileType = sourcecode.c.c; name = bootstrap.c; path = ../../../../src/kn/bootstrap.c; sourceTree = "<group>"; };
		03D18CCF18220CBD00D7EFF1 /* thought.1 */ = {isa = PBXFileReference; fileEncoding = 4; lastKnownFileType = text.man; name = thought.1; path = ../../../../src/thought/thought.1; sourceTree = "<group>"; };
		03D18CD018220CBD00D7EFF1 /* thought.c */ = {isa = PBXFileReference; fileEncoding = 4; lastKnownFileType = sourcecode.c.c; name = thought.c; path = ../../../../src/thought/thought.c; sourceTree = "<group>"; };
		03D18CD618220CF300D7EFF1 /* thought */ = {isa = PBXFileReference; explicitFileType = "compiled.mach-o.executable"; includeInIndex = 0; path = thought; sourceTree = BUILT_PRODUCTS_DIR; };
		03D4D59218223017008F1FF5 /* confscan.c */ = {isa = PBXFileReference; fileEncoding = 4; lastKnownFileType = sourcecode.c.c; name = confscan.c; path = ../../../../src/util/confscan.c; sourceTree = "<group>"; };
		03D4D59318223017008F1FF5 /* confscan.h */ = {isa = PBXFileReference; fileEncoding = 4; lastKnownFileType = sourcecode.c.h; name = confscan.h; path = ../../../../src/util/confscan.h; sourceTree = "<group>"; };
		03D4D5961822392A008F1FF5 /* config.h */ = {isa = PBXFileReference; lastKnownFileType = sourcecode.c.h; name = config.h; path = ../../../../src/config.h; sourceTree = "<group>"; };
/* End PBXFileReference section */

/* Begin PBXFrameworksBuildPhase section */
		03BFAEDD181C9FA60023011F /* Frameworks */ = {
			isa = PBXFrameworksBuildPhase;
			buildActionMask = 2147483647;
			files = (
			);
			runOnlyForDeploymentPostprocessing = 0;
		};
		03D18CD318220CF300D7EFF1 /* Frameworks */ = {
			isa = PBXFrameworksBuildPhase;
			buildActionMask = 2147483647;
			files = (
			);
			runOnlyForDeploymentPostprocessing = 0;
		};
/* End PBXFrameworksBuildPhase section */

/* Begin PBXGroup section */
		03AC1B4F181CB423009E66D9 /* cont */ = {
			isa = PBXGroup;
			children = (
				03AC1B73181CD3BE009E66D9 /* glue.h */,
				03AC1B72181CD3BE009E66D9 /* glue.c */,
				03AC1B6C181CCEB8009E66D9 /* hashmap.h */,
				03AC1B6B181CCEB8009E66D9 /* hashmap.c */,
				03D18C41181CDDDC00D7EFF1 /* ptrset.h */,
				03D18C40181CDDDC00D7EFF1 /* ptrset.c */,
				03D18C4D181CFA8600D7EFF1 /* array.h */,
				03D18C4C181CFA8600D7EFF1 /* array.c */,
			);
			name = cont;
			sourceTree = "<group>";
		};
		03AC1B50181CB435009E66D9 /* util */ = {
			isa = PBXGroup;
			children = (
				03D4D59218223017008F1FF5 /* confscan.c */,
				03D4D59318223017008F1FF5 /* confscan.h */,
				03D18C59181E1C9700D7EFF1 /* util.h */,
				03D18C58181E1C9700D7EFF1 /* util.c */,
				03D18C71181F922500D7EFF1 /* sbuff.h */,
				03D18C70181F922500D7EFF1 /* sbuff.c */,
			);
			name = util;
			sourceTree = "<group>";
		};
		03AC1B54181CBF92009E66D9 /* plug */ = {
			isa = PBXGroup;
			children = (
				03AC1B56181CBFA0009E66D9 /* builtins.c */,
				03D18C51181E144A00D7EFF1 /* datetimes.c */,
				03D18C53181E145B00D7EFF1 /* numbers.c */,
				03AC1B55181CBFA0009E66D9 /* acronyms.c */,
				03AC1B57181CBFA0009E66D9 /* emoticons.c */,
				03AC1B58181CBFA0009E66D9 /* sentences.c */,
				03AC1B5A181CBFA0009E66D9 /* words.c */,
				03AC1B59181CBFA0009E66D9 /* wordizer.c */,
			);
			name = plug;
			sourceTree = "<group>";
		};
		03AC1B63181CC4F6009E66D9 /* mem */ = {
			isa = PBXGroup;
			children = (
				03AC1B64181CC502009E66D9 /* alloc.c */,
				03AC1B65181CC502009E66D9 /* alloc.h */,
			);
			name = mem;
			sourceTree = "<group>";
		};
		03AC1B67181CC733009E66D9 /* includes */ = {
			isa = PBXGroup;
			children = (
				03AC1B68181CC73B009E66D9 /* nlip.h */,
			);
			name = includes;
			sourceTree = "<group>";
		};
		03BFAED7181C9FA60023011F = {
			isa = PBXGroup;
			children = (
				03BFAEE2181C9FA60023011F /* brain */,
				03BFAEE1181C9FA60023011F /* Products */,
			);
			sourceTree = "<group>";
		};
		03BFAEE1181C9FA60023011F /* Products */ = {
			isa = PBXGroup;
			children = (
				03BFAEE0181C9FA60023011F /* brain */,
				03D18CD618220CF300D7EFF1 /* thought */,
			);
			name = Products;
			sourceTree = "<group>";
		};
		03BFAEE2181C9FA60023011F /* brain */ = {
			isa = PBXGroup;
			children = (
				03AC1B67181CC733009E66D9 /* includes */,
				03BFAEEC181CAAD90023011F /* src */,
			);
			path = brain;
			sourceTree = "<group>";
		};
		03BFAEEC181CAAD90023011F /* src */ = {
			isa = PBXGroup;
			children = (
				03D4D5961822392A008F1FF5 /* config.h */,
				03D18CCE18220CAE00D7EFF1 /* thought */,
				03D18C61181E45CA00D7EFF1 /* intl */,
				03D18C5B181E289D00D7EFF1 /* kn */,
				03BFAEEE181CAAE70023011F /* nl */,
				03AC1B63181CC4F6009E66D9 /* mem */,
				03AC1B50181CB435009E66D9 /* util */,
				03AC1B4F181CB423009E66D9 /* cont */,
				03BFAEED181CAAE20023011F /* dev */,
				03D18C55181E192D00D7EFF1 /* tests */,
			);
			name = src;
			sourceTree = "<group>";
		};
		03BFAEED181CAAE20023011F /* dev */ = {
			isa = PBXGroup;
			children = (
				03BFAEEF181CAAF50023011F /* main.c */,
			);
			name = dev;
			sourceTree = "<group>";
		};
		03BFAEEE181CAAE70023011F /* nl */ = {
			isa = PBXGroup;
			children = (
				03AC1B4C181CAB1A009E66D9 /* nl.h */,
				03AC1B52181CBCB9009E66D9 /* common.h */,
				03AC1B53181CBF1E009E66D9 /* parts.h */,
				03AC1B51181CBC57009E66D9 /* context.h */,
				03D18C45181CED0800D7EFF1 /* input.h */,
				03AC1B4D181CAC04009E66D9 /* init.c */,
				03AC1B61181CC28F009E66D9 /* iplug.c */,
				03AC1B69181CCBC6009E66D9 /* parts.c */,
				03D18C43181CEC8A00D7EFF1 /* iparse.c */,
				03D18C46181CEE7C00D7EFF1 /* isplit.c */,
				03D18C48181CEF8300D7EFF1 /* itok.c */,
				03D18C4A181CEF8900D7EFF1 /* iwizer.c */,
				03AC1B54181CBF92009E66D9 /* plug */,
				03D18C4F181D030700D7EFF1 /* debug.c */,
				03D18C6B181F6D9E00D7EFF1 /* detmean.c */,
				03D18C6C181F6D9E00D7EFF1 /* genutt.c */,
			);
			name = nl;
			sourceTree = "<group>";
		};
		03D18C55181E192D00D7EFF1 /* tests */ = {
			isa = PBXGroup;
			children = (
				03D18C56181E196900D7EFF1 /* nl-parse.c */,
			);
			name = tests;
			sourceTree = "<group>";
		};
		03D18C5B181E289D00D7EFF1 /* kn */ = {
			isa = PBXGroup;
			children = (
				03D18C5D181E28C600D7EFF1 /* kn.h */,
				03D18C5F181E292500D7EFF1 /* common.h */,
				03D18C60181E296A00D7EFF1 /* structs.h */,
				03D18C5C181E28C600D7EFF1 /* kn.c */,
				03D18C65181E49E500D7EFF1 /* concept.c */,
				03D18C66181E49E500D7EFF1 /* pattern.c */,
				03D18C69181E4B0F00D7EFF1 /* nl.c */,
				03D18C8A1820787300D7EFF1 /* bootstrap.c */,
			);
			name = kn;
			sourceTree = "<group>";
		};
		03D18C61181E45CA00D7EFF1 /* intl */ = {
			isa = PBXGroup;
			children = (
				03D18C63181E45E400D7EFF1 /* utf8.h */,
				03D18C62181E45E400D7EFF1 /* utf8.c */,
			);
			name = intl;
			sourceTree = "<group>";
		};
		03D18CCE18220CAE00D7EFF1 /* thought */ = {
			isa = PBXGroup;
			children = (
				03D18CCF18220CBD00D7EFF1 /* thought.1 */,
				03D18CD018220CBD00D7EFF1 /* thought.c */,
			);
			name = thought;
			sourceTree = "<group>";
		};
/* End PBXGroup section */

/* Begin PBXNativeTarget section */
		03BFAEDF181C9FA60023011F /* brain */ = {
			isa = PBXNativeTarget;
			buildConfigurationList = 03BFAEE9181C9FA60023011F /* Build configuration list for PBXNativeTarget "brain" */;
			buildPhases = (
				03BFAEDC181C9FA60023011F /* Sources */,
				03BFAEDD181C9FA60023011F /* Frameworks */,
				03BFAEDE181C9FA60023011F /* CopyFiles */,
			);
			buildRules = (
			);
			dependencies = (
			);
			name = brain;
			productName = brain;
			productReference = 03BFAEE0181C9FA60023011F /* brain */;
			productType = "com.apple.product-type.tool";
		};
		03D18CD518220CF300D7EFF1 /* thought */ = {
			isa = PBXNativeTarget;
			buildConfigurationList = 03D18CDC18220CF300D7EFF1 /* Build configuration list for PBXNativeTarget "thought" */;
			buildPhases = (
				03D18CD218220CF300D7EFF1 /* Sources */,
				03D18CD318220CF300D7EFF1 /* Frameworks */,
				03D18CD418220CF300D7EFF1 /* CopyFiles */,
			);
			buildRules = (
			);
			dependencies = (
			);
			name = thought;
			productName = thought;
			productReference = 03D18CD618220CF300D7EFF1 /* thought */;
			productType = "com.apple.product-type.tool";
		};
/* End PBXNativeTarget section */

/* Begin PBXProject section */
		03BFAED8181C9FA60023011F /* Project object */ = {
			isa = PBXProject;
			attributes = {
				LastUpgradeCheck = 0500;
				ORGANIZATIONNAME = "Joshua Hawcroft";
			};
			buildConfigurationList = 03BFAEDB181C9FA60023011F /* Build configuration list for PBXProject "brain" */;
			compatibilityVersion = "Xcode 3.2";
			developmentRegion = English;
			hasScannedForEncodings = 0;
			knownRegions = (
				en,
			);
			mainGroup = 03BFAED7181C9FA60023011F;
			productRefGroup = 03BFAEE1181C9FA60023011F /* Products */;
			projectDirPath = "";
			projectRoot = "";
			targets = (
				03BFAEDF181C9FA60023011F /* brain */,
				03D18CD518220CF300D7EFF1 /* thought */,
			);
		};
/* End PBXProject section */

/* Begin PBXSourcesBuildPhase section */
		03BFAEDC181C9FA60023011F /* Sources */ = {
			isa = PBXSourcesBuildPhase;
			buildActionMask = 2147483647;
			files = (
				03D18C6F181F873E00D7EFF1 /* genutt.c in Sources */,
				03D18C6A181E4B0F00D7EFF1 /* nl.c in Sources */,
				03D18C67181E49E500D7EFF1 /* concept.c in Sources */,
				03D18C8B1820787300D7EFF1 /* bootstrap.c in Sources */,
				03D18C64181E45E400D7EFF1 /* utf8.c in Sources */,
				03AC1B74181CD3BE009E66D9 /* glue.c in Sources */,
				03D4D59418223017008F1FF5 /* confscan.c in Sources */,
				03D18C6D181F6D9E00D7EFF1 /* detmean.c in Sources */,
				03D18C52181E144A00D7EFF1 /* datetimes.c in Sources */,
				03D18C68181E49E500D7EFF1 /* pattern.c in Sources */,
				03D18C54181E145B00D7EFF1 /* numbers.c in Sources */,
				03D18C49181CEF8300D7EFF1 /* itok.c in Sources */,
				03AC1B5E181CBFA0009E66D9 /* sentences.c in Sources */,
				03D18C5A181E1C9700D7EFF1 /* util.c in Sources */,
				03AC1B62181CC28F009E66D9 /* iplug.c in Sources */,
				03BFAEF0181CAAF50023011F /* main.c in Sources */,
				03D18C72181F922500D7EFF1 /* sbuff.c in Sources */,
				03D18C4E181CFA8600D7EFF1 /* array.c in Sources */,
				03AC1B66181CC502009E66D9 /* alloc.c in Sources */,
				03AC1B5C181CBFA0009E66D9 /* builtins.c in Sources */,
				03D18C42181CDDDC00D7EFF1 /* ptrset.c in Sources */,
				03AC1B5D181CBFA0009E66D9 /* emoticons.c in Sources */,
				03AC1B6A181CCBC6009E66D9 /* parts.c in Sources */,
				03D18C57181E196900D7EFF1 /* nl-parse.c in Sources */,
				03D18C50181D030700D7EFF1 /* debug.c in Sources */,
				03AC1B5F181CBFA0009E66D9 /* wordizer.c in Sources */,
				03AC1B6D181CCEB8009E66D9 /* hashmap.c in Sources */,
				03AC1B5B181CBFA0009E66D9 /* acronyms.c in Sources */,
				03D18C4B181CEF8900D7EFF1 /* iwizer.c in Sources */,
				03D18C44181CEC8A00D7EFF1 /* iparse.c in Sources */,
				03AC1B4E181CAC04009E66D9 /* init.c in Sources */,
				03D18C5E181E28C600D7EFF1 /* kn.c in Sources */,
				03D18C47181CEE7C00D7EFF1 /* isplit.c in Sources */,
				03AC1B60181CBFA0009E66D9 /* words.c in Sources */,
			);
			runOnlyForDeploymentPostprocessing = 0;
		};
		03D18CD218220CF300D7EFF1 /* Sources */ = {
			isa = PBXSourcesBuildPhase;
			buildActionMask = 2147483647;
			files = (
				03D4D59818223E49008F1FF5 /* alloc.c in Sources */,
				03D4D59518223017008F1FF5 /* confscan.c in Sources */,
				03D18CDF18220CFB00D7EFF1 /* thought.c in Sources */,
				03D4D59718223C6C008F1FF5 /* util.c in Sources */,
			);
			runOnlyForDeploymentPostprocessing = 0;
		};
/* End PBXSourcesBuildPhase section */

/* Begin XCBuildConfiguration section */
		03BFAEE7181C9FA60023011F /* Debug */ = {
			isa = XCBuildConfiguration;
			buildSettings = {
				ALWAYS_SEARCH_USER_PATHS = NO;
				CLANG_CXX_LANGUAGE_STANDARD = "gnu++0x";
				CLANG_CXX_LIBRARY = "libc++";
				CLANG_ENABLE_OBJC_ARC = YES;
				CLANG_WARN_BOOL_CONVERSION = YES;
				CLANG_WARN_CONSTANT_CONVERSION = YES;
				CLANG_WARN_DIRECT_OBJC_ISA_USAGE = YES_ERROR;
				CLANG_WARN_EMPTY_BODY = YES;
				CLANG_WARN_ENUM_CONVERSION = YES;
				CLANG_WARN_INT_CONVERSION = YES;
				CLANG_WARN_OBJC_ROOT_CLASS = YES_ERROR;
				CLANG_WARN__DUPLICATE_METHOD_MATCH = YES;
				COPY_PHASE_STRIP = NO;
				GCC_C_LANGUAGE_STANDARD = gnu99;
				GCC_DYNAMIC_NO_PIC = NO;
				GCC_ENABLE_OBJC_EXCEPTIONS = YES;
				GCC_OPTIMIZATION_LEVEL = 0;
				GCC_PREPROCESSOR_DEFINITIONS = (
					"DEBUG=1",
					"$(inherited)",
				);
				GCC_SYMBOLS_PRIVATE_EXTERN = NO;
				GCC_WARN_64_TO_32_BIT_CONVERSION = YES;
				GCC_WARN_ABOUT_RETURN_TYPE = YES_ERROR;
				GCC_WARN_UNDECLARED_SELECTOR = YES;
				GCC_WARN_UNINITIALIZED_AUTOS = YES;
				GCC_WARN_UNUSED_FUNCTION = YES;
				GCC_WARN_UNUSED_VARIABLE = YES;
				MACOSX_DEPLOYMENT_TARGET = 10.9;
				ONLY_ACTIVE_ARCH = YES;
				SDKROOT = macosx;
			};
			name = Debug;
		};
		03BFAEE8181C9FA60023011F /* Release */ = {
			isa = XCBuildConfiguration;
			buildSettings = {
				ALWAYS_SEARCH_USER_PATHS = NO;
				CLANG_CXX_LANGUAGE_STANDARD = "gnu++0x";
				CLANG_CXX_LIBRARY = "libc++";
				CLANG_ENABLE_OBJC_ARC = YES;
				CLANG_WARN_BOOL_CONVERSION = YES;
				CLANG_WARN_CONSTANT_CONVERSION = YES;
				CLANG_WARN_DIRECT_OBJC_ISA_USAGE = YES_ERROR;
				CLANG_WARN_EMPTY_BODY = YES;
				CLANG_WARN_ENUM_CONVERSION = YES;
				CLANG_WARN_INT_CONVERSION = YES;
				CLANG_WARN_OBJC_ROOT_CLASS = YES_ERROR;
				CLANG_WARN__DUPLICATE_METHOD_MATCH = YES;
				COPY_PHASE_STRIP = YES;
				DEBUG_INFORMATION_FORMAT = "dwarf-with-dsym";
				ENABLE_NS_ASSERTIONS = NO;
				GCC_C_LANGUAGE_STANDARD = gnu99;
				GCC_ENABLE_OBJC_EXCEPTIONS = YES;
				GCC_WARN_64_TO_32_BIT_CONVERSION = YES;
				GCC_WARN_ABOUT_RETURN_TYPE = YES_ERROR;
				GCC_WARN_UNDECLARED_SELECTOR = YES;
				GCC_WARN_UNINITIALIZED_AUTOS = YES;
				GCC_WARN_UNUSED_FUNCTION = YES;
				GCC_WARN_UNUSED_VARIABLE = YES;
				MACOSX_DEPLOYMENT_TARGET = 10.9;
				SDKROOT = macosx;
			};
			name = Release;
		};
		03BFAEEA181C9FA60023011F /* Debug */ = {
			isa = XCBuildConfiguration;
			buildSettings = {
				OTHER_CFLAGS = "";
				"OTHER_CFLAGS[arch=*]" = (
					"-pedantic",
					"-Wunused-result",
					"-DBRAIN_COMPILE_TESTS=1",
				);
				PRODUCT_NAME = "$(TARGET_NAME)";
			};
			name = Debug;
		};
		03BFAEEB181C9FA60023011F /* Release */ = {
			isa = XCBuildConfiguration;
			buildSettings = {
				PRODUCT_NAME = "$(TARGET_NAME)";
			};
			name = Release;
		};
		03D18CDD18220CF300D7EFF1 /* Debug */ = {
			isa = XCBuildConfiguration;
			buildSettings = {
				GCC_PREPROCESSOR_DEFINITIONS = (
					"DEBUG=1",
					"$(inherited)",
				);
				PRODUCT_NAME = "$(TARGET_NAME)";
			};
			name = Debug;
		};
		03D18CDE18220CF300D7EFF1 /* Release */ = {
			isa = XCBuildConfiguration;
			buildSettings = {
				PRODUCT_NAME = "$(TARGET_NAME)";
			};
			name = Release;
		};
/* End XCBuildConfiguration section */

/* Begin XCConfigurationList section */
		03BFAEDB181C9FA60023011F /* Build configuration list for PBXProject "brain" */ = {
			isa = XCConfigurationList;
			buildConfigurations = (
				03BFAEE7181C9FA60023011F /* Debug */,
				03BFAEE8181C9FA60023011F /* Release */,
			);
			defaultConfigurationIsVisible = 0;
			defaultConfigurationName = Release;
		};
		03BFAEE9181C9FA60023011F /* Build configuration list for PBXNativeTarget "brain" */ = {
			isa = XCConfigurationList;
			buildConfigurations = (
				03BFAEEA181C9FA60023011F /* Debug */,
				03BFAEEB181C9FA60023011F /* Release */,
			);
			defaultConfigurationIsVisible = 0;
			defaultConfigurationName = Release;
		};
		03D18CDC18220CF300D7EFF1 /* Build configuration list for PBXNativeTarget "thought" */ = {
			isa = XCConfigurationList;
			buildConfigurations = (
				03D18CDD18220CF300D7EFF1 /* Debug */,
				03D18CDE18220CF300D7EFF1 /* Release */,
			);
			defaultConfigurationIsVisible = 0;
			defaultConfigurationName = Release;
		};
/* End XCConfigurationList section */
	};
	rootObject = 03BFAED8181C9FA60023011F /* Project object */;
}
